
Microsoft Visual Studio Solution File, Format Version 12.00
# Visual Studio Version 17
VisualStudioVersion = 17.14.36203.30 d17.14
MinimumVisualStudioVersion = 10.0.40219.1
Project("{FAE04EC0-301F-11D3-BF4B-00C04F79EFBC}") = "CW1551_Quiz", "CW1551_Quiz\CW1551_Quiz.csproj", "{35F84A6D-5343-438F-A857-C0AF0528EC88}"
EndProject
Global
	GlobalSection(SolutionConfigurationPlatforms) = preSolution
		Debug|Any CPU = Debug|Any CPU
		Release|Any CPU = Release|Any CPU
	EndGlobalSection
	GlobalSection(ProjectConfigurationPlatforms) = postSolution
		{35F84A6D-5343-438F-A857-C0AF0528EC88}.Debug|Any CPU.ActiveCfg = Debug|Any CPU
		{35F84A6D-5343-438F-A857-C0AF0528EC88}.Debug|Any CPU.Build.0 = Debug|Any CPU
		{35F84A6D-5343-438F-A857-C0AF0528EC88}.Release|Any CPU.ActiveCfg = Release|Any CPU
		{35F84A6D-5343-438F-A857-C0AF0528EC88}.Release|Any CPU.Build.0 = Release|Any CPU
	EndGlobalSection
	GlobalSection(SolutionProperties) = preSolution
		HideSolutionNode = FALSE
	EndGlobalSection
	GlobalSection(ExtensibilityGlobals) = postSolution
		SolutionGuid = {6C63AFB2-BC79-43DB-BE89-EF3CBEC0C2E5}
	EndGlobalSection
EndGlobal
